// !$*UTF8*$!
{
	archiveVersion = 1;
	classes = {
	};
	objectVersion = 51;
	objects = {

/* Begin PBXBuildFile section */
		DBEDAC9ACE49B17E0CB9AC42 /* Pods_PlayWithMVP.framework in Frameworks */ = {isa = PBXBuildFile; fileRef = 4A73C41B444AF685F7FC1C9A /* Pods_PlayWithMVP.framework */; };
		F49095A424740FE40084AE7F /* RepoVCPresenter.swift in Sources */ = {isa = PBXBuildFile; fileRef = F49095A324740FE40084AE7F /* RepoVCPresenter.swift */; };
		F49095A724741B630084AE7F /* RepoVCRouter.swift in Sources */ = {isa = PBXBuildFile; fileRef = F49095A624741B630084AE7F /* RepoVCRouter.swift */; };
		F4A14C262473755E004438A3 /* AppDelegate.swift in Sources */ = {isa = PBXBuildFile; fileRef = F4A14C252473755E004438A3 /* AppDelegate.swift */; };
		F4A14C282473755E004438A3 /* SceneDelegate.swift in Sources */ = {isa = PBXBuildFile; fileRef = F4A14C272473755E004438A3 /* SceneDelegate.swift */; };
		F4A14C2A2473755E004438A3 /* RepoVC.swift in Sources */ = {isa = PBXBuildFile; fileRef = F4A14C292473755E004438A3 /* RepoVC.swift */; };
		F4A14C2D2473755E004438A3 /* Main.storyboard in Resources */ = {isa = PBXBuildFile; fileRef = F4A14C2B2473755E004438A3 /* Main.storyboard */; };
		F4A14C2F2473755F004438A3 /* Assets.xcassets in Resources */ = {isa = PBXBuildFile; fileRef = F4A14C2E2473755F004438A3 /* Assets.xcassets */; };
		F4A14C322473755F004438A3 /* LaunchScreen.storyboard in Resources */ = {isa = PBXBuildFile; fileRef = F4A14C302473755F004438A3 /* LaunchScreen.storyboard */; };
		F4A14C4224737CF0004438A3 /* NetworkManager.swift in Sources */ = {isa = PBXBuildFile; fileRef = F4A14C4124737CEF004438A3 /* NetworkManager.swift */; };
		F4A14C4624737D16004438A3 /* APIResult.swift in Sources */ = {isa = PBXBuildFile; fileRef = F4A14C4424737D16004438A3 /* APIResult.swift */; };
		F4A14C4724737D16004438A3 /* HTTPMethod.swift in Sources */ = {isa = PBXBuildFile; fileRef = F4A14C4524737D16004438A3 /* HTTPMethod.swift */; };
		F4A14C4B24737D6C004438A3 /* APIEnvironmentPath.swift in Sources */ = {isa = PBXBuildFile; fileRef = F4A14C4924737D6C004438A3 /* APIEnvironmentPath.swift */; };
		F4A14C4C24737D6C004438A3 /* EndPointRouter.swift in Sources */ = {isa = PBXBuildFile; fileRef = F4A14C4A24737D6C004438A3 /* EndPointRouter.swift */; };
		F4A14C4F24737DA0004438A3 /* UIView+Extension.swift in Sources */ = {isa = PBXBuildFile; fileRef = F4A14C4E24737DA0004438A3 /* UIView+Extension.swift */; };
		F4A14C5124737F46004438A3 /* RepoModel.swift in Sources */ = {isa = PBXBuildFile; fileRef = F4A14C5024737F46004438A3 /* RepoModel.swift */; };
		F4A14C5924738174004438A3 /* RepoInteractor.swift in Sources */ = {isa = PBXBuildFile; fileRef = F4A14C5824738174004438A3 /* RepoInteractor.swift */; };
		F4A14C5C247398EE004438A3 /* .swiftlint.yml in Resources */ = {isa = PBXBuildFile; fileRef = F4A14C5B247398EE004438A3 /* .swiftlint.yml */; };
		F4BD118924762E5E00740150 /* RepoDetailsVC.swift in Sources */ = {isa = PBXBuildFile; fileRef = F4BD118824762E5E00740150 /* RepoDetailsVC.swift */; };
		F4BD11912476407D00740150 /* RepoDetailsCell.swift in Sources */ = {isa = PBXBuildFile; fileRef = F4BD118F2476407D00740150 /* RepoDetailsCell.swift */; };
		F4BD11922476407D00740150 /* RepoDetailsCell.xib in Resources */ = {isa = PBXBuildFile; fileRef = F4BD11902476407D00740150 /* RepoDetailsCell.xib */; };
		F4BD11942476425C00740150 /* RepoDetailsVCPresenter.swift in Sources */ = {isa = PBXBuildFile; fileRef = F4BD11932476425C00740150 /* RepoDetailsVCPresenter.swift */; };
		F4BD11962476457100740150 /* RepoDetailsVCRouter.swift in Sources */ = {isa = PBXBuildFile; fileRef = F4BD11952476457100740150 /* RepoDetailsVCRouter.swift */; };
		F4BD11982476476200740150 /* TableViewSectionTitleDataSource.swift in Sources */ = {isa = PBXBuildFile; fileRef = F4BD11972476476200740150 /* TableViewSectionTitleDataSource.swift */; };
		F4D074E224747A49003B55B5 /* ReposCell.swift in Sources */ = {isa = PBXBuildFile; fileRef = F4D074E024747A49003B55B5 /* ReposCell.swift */; };
		F4D074E324747A4A003B55B5 /* ReposCell.xib in Resources */ = {isa = PBXBuildFile; fileRef = F4D074E124747A49003B55B5 /* ReposCell.xib */; };
/* End PBXBuildFile section */

/* Begin PBXFileReference section */
		4A73C41B444AF685F7FC1C9A /* Pods_PlayWithMVP.framework */ = {isa = PBXFileReference; explicitFileType = wrapper.framework; includeInIndex = 0; path = Pods_PlayWithMVP.framework; sourceTree = BUILT_PRODUCTS_DIR; };
		50913A954667084AA137B637 /* Pods-PlayWithMVP.debug.xcconfig */ = {isa = PBXFileReference; includeInIndex = 1; lastKnownFileType = text.xcconfig; name = "Pods-PlayWithMVP.debug.xcconfig"; path = "Target Support Files/Pods-PlayWithMVP/Pods-PlayWithMVP.debug.xcconfig"; sourceTree = "<group>"; };
		67D615BE87E7E9ABF76A86CB /* Pods-PlayWithMVP.release.xcconfig */ = {isa = PBXFileReference; includeInIndex = 1; lastKnownFileType = text.xcconfig; name = "Pods-PlayWithMVP.release.xcconfig"; path = "Target Support Files/Pods-PlayWithMVP/Pods-PlayWithMVP.release.xcconfig"; sourceTree = "<group>"; };
		F49095A324740FE40084AE7F /* RepoVCPresenter.swift */ = {isa = PBXFileReference; lastKnownFileType = sourcecode.swift; path = RepoVCPresenter.swift; sourceTree = "<group>"; };
		F49095A624741B630084AE7F /* RepoVCRouter.swift */ = {isa = PBXFileReference; lastKnownFileType = sourcecode.swift; path = RepoVCRouter.swift; sourceTree = "<group>"; };
		F4A14C222473755E004438A3 /* PlayWithMVP.app */ = {isa = PBXFileReference; explicitFileType = wrapper.application; includeInIndex = 0; path = PlayWithMVP.app; sourceTree = BUILT_PRODUCTS_DIR; };
		F4A14C252473755E004438A3 /* AppDelegate.swift */ = {isa = PBXFileReference; lastKnownFileType = sourcecode.swift; path = AppDelegate.swift; sourceTree = "<group>"; };
		F4A14C272473755E004438A3 /* SceneDelegate.swift */ = {isa = PBXFileReference; lastKnownFileType = sourcecode.swift; path = SceneDelegate.swift; sourceTree = "<group>"; };
		F4A14C292473755E004438A3 /* RepoVC.swift */ = {isa = PBXFileReference; lastKnownFileType = sourcecode.swift; path = RepoVC.swift; sourceTree = "<group>"; };
		F4A14C2C2473755E004438A3 /* Base */ = {isa = PBXFileReference; lastKnownFileType = file.storyboard; name = Base; path = Base.lproj/Main.storyboard; sourceTree = "<group>"; };
		F4A14C2E2473755F004438A3 /* Assets.xcassets */ = {isa = PBXFileReference; lastKnownFileType = folder.assetcatalog; path = Assets.xcassets; sourceTree = "<group>"; };
		F4A14C312473755F004438A3 /* Base */ = {isa = PBXFileReference; lastKnownFileType = file.storyboard; name = Base; path = Base.lproj/LaunchScreen.storyboard; sourceTree = "<group>"; };
		F4A14C332473755F004438A3 /* Info.plist */ = {isa = PBXFileReference; lastKnownFileType = text.plist.xml; path = Info.plist; sourceTree = "<group>"; };
		F4A14C4124737CEF004438A3 /* NetworkManager.swift */ = {isa = PBXFileReference; fileEncoding = 4; lastKnownFileType = sourcecode.swift; path = NetworkManager.swift; sourceTree = "<group>"; };
		F4A14C4424737D16004438A3 /* APIResult.swift */ = {isa = PBXFileReference; fileEncoding = 4; lastKnownFileType = sourcecode.swift; path = APIResult.swift; sourceTree = "<group>"; };
		F4A14C4524737D16004438A3 /* HTTPMethod.swift */ = {isa = PBXFileReference; fileEncoding = 4; lastKnownFileType = sourcecode.swift; path = HTTPMethod.swift; sourceTree = "<group>"; };
		F4A14C4924737D6C004438A3 /* APIEnvironmentPath.swift */ = {isa = PBXFileReference; fileEncoding = 4; lastKnownFileType = sourcecode.swift; path = APIEnvironmentPath.swift; sourceTree = "<group>"; };
		F4A14C4A24737D6C004438A3 /* EndPointRouter.swift */ = {isa = PBXFileReference; fileEncoding = 4; lastKnownFileType = sourcecode.swift; path = EndPointRouter.swift; sourceTree = "<group>"; };
		F4A14C4E24737DA0004438A3 /* UIView+Extension.swift */ = {isa = PBXFileReference; fileEncoding = 4; lastKnownFileType = sourcecode.swift; path = "UIView+Extension.swift"; sourceTree = "<group>"; };
		F4A14C5024737F46004438A3 /* RepoModel.swift */ = {isa = PBXFileReference; lastKnownFileType = sourcecode.swift; path = RepoModel.swift; sourceTree = "<group>"; };
		F4A14C5824738174004438A3 /* RepoInteractor.swift */ = {isa = PBXFileReference; lastKnownFileType = sourcecode.swift; path = RepoInteractor.swift; sourceTree = "<group>"; };
		F4A14C5B247398EE004438A3 /* .swiftlint.yml */ = {isa = PBXFileReference; fileEncoding = 4; lastKnownFileType = text.yaml; path = .swiftlint.yml; sourceTree = "<group>"; };
		F4BD118824762E5E00740150 /* RepoDetailsVC.swift */ = {isa = PBXFileReference; lastKnownFileType = sourcecode.swift; path = RepoDetailsVC.swift; sourceTree = "<group>"; };
		F4BD118F2476407D00740150 /* RepoDetailsCell.swift */ = {isa = PBXFileReference; lastKnownFileType = sourcecode.swift; path = RepoDetailsCell.swift; sourceTree = "<group>"; };
		F4BD11902476407D00740150 /* RepoDetailsCell.xib */ = {isa = PBXFileReference; lastKnownFileType = file.xib; path = RepoDetailsCell.xib; sourceTree = "<group>"; };
		F4BD11932476425C00740150 /* RepoDetailsVCPresenter.swift */ = {isa = PBXFileReference; lastKnownFileType = sourcecode.swift; path = RepoDetailsVCPresenter.swift; sourceTree = "<group>"; };
		F4BD11952476457100740150 /* RepoDetailsVCRouter.swift */ = {isa = PBXFileReference; lastKnownFileType = sourcecode.swift; path = RepoDetailsVCRouter.swift; sourceTree = "<group>"; };
		F4BD11972476476200740150 /* TableViewSectionTitleDataSource.swift */ = {isa = PBXFileReference; lastKnownFileType = sourcecode.swift; path = TableViewSectionTitleDataSource.swift; sourceTree = "<group>"; };
		F4D074E024747A49003B55B5 /* ReposCell.swift */ = {isa = PBXFileReference; lastKnownFileType = sourcecode.swift; path = ReposCell.swift; sourceTree = "<group>"; };
		F4D074E124747A49003B55B5 /* ReposCell.xib */ = {isa = PBXFileReference; lastKnownFileType = file.xib; path = ReposCell.xib; sourceTree = "<group>"; };
/* End PBXFileReference section */

/* Begin PBXFrameworksBuildPhase section */
		F4A14C1F2473755E004438A3 /* Frameworks */ = {
			isa = PBXFrameworksBuildPhase;
			buildActionMask = 2147483647;
			files = (
				DBEDAC9ACE49B17E0CB9AC42 /* Pods_PlayWithMVP.framework in Frameworks */,
			);
			runOnlyForDeploymentPostprocessing = 0;
		};
/* End PBXFrameworksBuildPhase section */

/* Begin PBXGroup section */
		04C91382458CE9AD92D47038 /* Frameworks */ = {
			isa = PBXGroup;
			children = (
				4A73C41B444AF685F7FC1C9A /* Pods_PlayWithMVP.framework */,
			);
			name = Frameworks;
			sourceTree = "<group>";
		};
		BE095114BDFCDA8FAAFBF029 /* Pods */ = {
			isa = PBXGroup;
			children = (
				50913A954667084AA137B637 /* Pods-PlayWithMVP.debug.xcconfig */,
				67D615BE87E7E9ABF76A86CB /* Pods-PlayWithMVP.release.xcconfig */,
			);
			path = Pods;
			sourceTree = "<group>";
		};
		F4A14C192473755E004438A3 = {
			isa = PBXGroup;
			children = (
				F4A14C5B247398EE004438A3 /* .swiftlint.yml */,
				F4A14C242473755E004438A3 /* PlayWithMVP */,
				F4A14C232473755E004438A3 /* Products */,
				BE095114BDFCDA8FAAFBF029 /* Pods */,
				04C91382458CE9AD92D47038 /* Frameworks */,
			);
			sourceTree = "<group>";
		};
		F4A14C232473755E004438A3 /* Products */ = {
			isa = PBXGroup;
			children = (
				F4A14C222473755E004438A3 /* PlayWithMVP.app */,
			);
			name = Products;
			sourceTree = "<group>";
		};
		F4A14C242473755E004438A3 /* PlayWithMVP */ = {
			isa = PBXGroup;
			children = (
				F4A14C4024737AE3004438A3 /* Networking */,
				F4A14C4824737D56004438A3 /* Helpers */,
				F4A14C3B24737A6A004438A3 /* Model */,
				F4A14C3E24737A86004438A3 /* Storyboards */,
				F4A14C3A24737872004438A3 /* Scenes */,
				F4A14C392473758A004438A3 /* Application */,
				F4A14C3F24737AC8004438A3 /* Assets */,
				F4A14C3D24737A7E004438A3 /* Configuration */,
			);
			path = PlayWithMVP;
			sourceTree = "<group>";
		};
		F4A14C392473758A004438A3 /* Application */ = {
			isa = PBXGroup;
			children = (
				F4A14C252473755E004438A3 /* AppDelegate.swift */,
				F4A14C272473755E004438A3 /* SceneDelegate.swift */,
			);
			path = Application;
			sourceTree = "<group>";
		};
		F4A14C3A24737872004438A3 /* Scenes */ = {
			isa = PBXGroup;
			children = (
				F4BD118724762E3B00740150 /* RepoDetails */,
				F4A14C5624738015004438A3 /* Repo */,
			);
			path = Scenes;
			sourceTree = "<group>";
		};
		F4A14C3B24737A6A004438A3 /* Model */ = {
			isa = PBXGroup;
			children = (
				F4A14C5024737F46004438A3 /* RepoModel.swift */,
				F4BD11972476476200740150 /* TableViewSectionTitleDataSource.swift */,
			);
			path = Model;
			sourceTree = "<group>";
		};
		F4A14C3D24737A7E004438A3 /* Configuration */ = {
			isa = PBXGroup;
			children = (
				F4A14C332473755F004438A3 /* Info.plist */,
			);
			path = Configuration;
			sourceTree = "<group>";
		};
		F4A14C3E24737A86004438A3 /* Storyboards */ = {
			isa = PBXGroup;
			children = (
				F4A14C2B2473755E004438A3 /* Main.storyboard */,
				F4A14C302473755F004438A3 /* LaunchScreen.storyboard */,
			);
			path = Storyboards;
			sourceTree = "<group>";
		};
		F4A14C3F24737AC8004438A3 /* Assets */ = {
			isa = PBXGroup;
			children = (
				F4A14C2E2473755F004438A3 /* Assets.xcassets */,
			);
			path = Assets;
			sourceTree = "<group>";
		};
		F4A14C4024737AE3004438A3 /* Networking */ = {
			isa = PBXGroup;
			children = (
				F4A14C4124737CEF004438A3 /* NetworkManager.swift */,
				F4A14C4324737CF6004438A3 /* Entities */,
			);
			path = Networking;
			sourceTree = "<group>";
		};
		F4A14C4324737CF6004438A3 /* Entities */ = {
			isa = PBXGroup;
			children = (
				F4A14C4424737D16004438A3 /* APIResult.swift */,
				F4A14C4524737D16004438A3 /* HTTPMethod.swift */,
			);
			path = Entities;
			sourceTree = "<group>";
		};
		F4A14C4824737D56004438A3 /* Helpers */ = {
			isa = PBXGroup;
			children = (
				F4A14C4924737D6C004438A3 /* APIEnvironmentPath.swift */,
				F4A14C4A24737D6C004438A3 /* EndPointRouter.swift */,
				F4A14C4D24737D90004438A3 /* Extensions */,
			);
			path = Helpers;
			sourceTree = "<group>";
		};
		F4A14C4D24737D90004438A3 /* Extensions */ = {
			isa = PBXGroup;
			children = (
				F4A14C4E24737DA0004438A3 /* UIView+Extension.swift */,
			);
			path = Extensions;
			sourceTree = "<group>";
		};
		F4A14C5224737F90004438A3 /* ViewController */ = {
			isa = PBXGroup;
			children = (
				F4A14C292473755E004438A3 /* RepoVC.swift */,
			);
			path = ViewController;
			sourceTree = "<group>";
		};
		F4A14C5324737FEA004438A3 /* Presenter */ = {
			isa = PBXGroup;
			children = (
				F49095A324740FE40084AE7F /* RepoVCPresenter.swift */,
			);
			path = Presenter;
			sourceTree = "<group>";
		};
		F4A14C5424737FF1004438A3 /* Interactor */ = {
			isa = PBXGroup;
			children = (
				F4A14C5824738174004438A3 /* RepoInteractor.swift */,
			);
			path = Interactor;
			sourceTree = "<group>";
		};
		F4A14C5524737FF7004438A3 /* Router */ = {
			isa = PBXGroup;
			children = (
				F49095A624741B630084AE7F /* RepoVCRouter.swift */,
			);
			path = Router;
			sourceTree = "<group>";
		};
		F4A14C5624738015004438A3 /* Repo */ = {
			isa = PBXGroup;
			children = (
				F4A14C5524737FF7004438A3 /* Router */,
				F4A14C5424737FF1004438A3 /* Interactor */,
				F4A14C5324737FEA004438A3 /* Presenter */,
				F4A14C5724738029004438A3 /* TableViewCells */,
				F4A14C5224737F90004438A3 /* ViewController */,
			);
			path = Repo;
			sourceTree = "<group>";
		};
		F4A14C5724738029004438A3 /* TableViewCells */ = {
			isa = PBXGroup;
			children = (
				F4D074E024747A49003B55B5 /* ReposCell.swift */,
				F4D074E124747A49003B55B5 /* ReposCell.xib */,
			);
			path = TableViewCells;
			sourceTree = "<group>";
		};
		F4BD118724762E3B00740150 /* RepoDetails */ = {
			isa = PBXGroup;
			children = (
				F4BD118A24762E8F00740150 /* Router */,
				F4BD118C24762E9B00740150 /* Presenter */,
				F4BD118E2476404600740150 /* TableViewCells */,
				F4BD118D24762EA500740150 /* ViewController */,
			);
			path = RepoDetails;
			sourceTree = "<group>";
		};
		F4BD118A24762E8F00740150 /* Router */ = {
			isa = PBXGroup;
			children = (
				F4BD11952476457100740150 /* RepoDetailsVCRouter.swift */,
			);
			path = Router;
			sourceTree = "<group>";
		};
		F4BD118C24762E9B00740150 /* Presenter */ = {
			isa = PBXGroup;
			children = (
				F4BD11932476425C00740150 /* RepoDetailsVCPresenter.swift */,
			);
			path = Presenter;
			sourceTree = "<group>";
		};
		F4BD118D24762EA500740150 /* ViewController */ = {
			isa = PBXGroup;
			children = (
				F4BD118824762E5E00740150 /* RepoDetailsVC.swift */,
			);
			path = ViewController;
			sourceTree = "<group>";
		};
		F4BD118E2476404600740150 /* TableViewCells */ = {
			isa = PBXGroup;
			children = (
				F4BD118F2476407D00740150 /* RepoDetailsCell.swift */,
				F4BD11902476407D00740150 /* RepoDetailsCell.xib */,
			);
			path = TableViewCells;
			sourceTree = "<group>";
		};
/* End PBXGroup section */

/* Begin PBXNativeTarget section */
		F4A14C212473755E004438A3 /* PlayWithMVP */ = {
			isa = PBXNativeTarget;
			buildConfigurationList = F4A14C362473755F004438A3 /* Build configuration list for PBXNativeTarget "PlayWithMVP" */;
			buildPhases = (
				2A6938F294B52D9A2D32C569 /* [CP] Check Pods Manifest.lock */,
				F4A14C1E2473755E004438A3 /* Sources */,
				F4A14C1F2473755E004438A3 /* Frameworks */,
				F4A14C202473755E004438A3 /* Resources */,
				F4A14C5A247396E5004438A3 /* ShellScript */,
				C81C79D7591582594E9FEF1D /* [CP] Embed Pods Frameworks */,
			);
			buildRules = (
			);
			dependencies = (
			);
			name = PlayWithMVP;
			productName = PlayWithMVP;
			productReference = F4A14C222473755E004438A3 /* PlayWithMVP.app */;
			productType = "com.apple.product-type.application";
		};
/* End PBXNativeTarget section */

/* Begin PBXProject section */
		F4A14C1A2473755E004438A3 /* Project object */ = {
			isa = PBXProject;
			attributes = {
				LastSwiftUpdateCheck = 1140;
				LastUpgradeCheck = 1140;
				ORGANIZATIONNAME = "Abdelrhman Eliwa";
				TargetAttributes = {
					F4A14C212473755E004438A3 = {
						CreatedOnToolsVersion = 11.4.1;
					};
				};
			};
			buildConfigurationList = F4A14C1D2473755E004438A3 /* Build configuration list for PBXProject "PlayWithMVP" */;
			compatibilityVersion = "Xcode 9.3";
			developmentRegion = en;
			hasScannedForEncodings = 0;
			knownRegions = (
				en,
				Base,
			);
			mainGroup = F4A14C192473755E004438A3;
			productRefGroup = F4A14C232473755E004438A3 /* Products */;
			projectDirPath = "";
			projectRoot = "";
			targets = (
				F4A14C212473755E004438A3 /* PlayWithMVP */,
			);
		};
/* End PBXProject section */

/* Begin PBXResourcesBuildPhase section */
		F4A14C202473755E004438A3 /* Resources */ = {
			isa = PBXResourcesBuildPhase;
			buildActionMask = 2147483647;
			files = (
				F4A14C5C247398EE004438A3 /* .swiftlint.yml in Resources */,
				F4D074E324747A4A003B55B5 /* ReposCell.xib in Resources */,
				F4A14C322473755F004438A3 /* LaunchScreen.storyboard in Resources */,
				F4A14C2F2473755F004438A3 /* Assets.xcassets in Resources */,
				F4BD11922476407D00740150 /* RepoDetailsCell.xib in Resources */,
				F4A14C2D2473755E004438A3 /* Main.storyboard in Resources */,
			);
			runOnlyForDeploymentPostprocessing = 0;
		};
/* End PBXResourcesBuildPhase section */

/* Begin PBXShellScriptBuildPhase section */
		2A6938F294B52D9A2D32C569 /* [CP] Check Pods Manifest.lock */ = {
			isa = PBXShellScriptBuildPhase;
			buildActionMask = 2147483647;
			files = (
			);
			inputFileListPaths = (
			);
			inputPaths = (
				"${PODS_PODFILE_DIR_PATH}/Podfile.lock",
				"${PODS_ROOT}/Manifest.lock",
			);
			name = "[CP] Check Pods Manifest.lock";
			outputFileListPaths = (
			);
			outputPaths = (
				"$(DERIVED_FILE_DIR)/Pods-PlayWithMVP-checkManifestLockResult.txt",
			);
			runOnlyForDeploymentPostprocessing = 0;
			shellPath = /bin/sh;
			shellScript = "diff \"${PODS_PODFILE_DIR_PATH}/Podfile.lock\" \"${PODS_ROOT}/Manifest.lock\" > /dev/null\nif [ $? != 0 ] ; then\n    # print error to STDERR\n    echo \"error: The sandbox is not in sync with the Podfile.lock. Run 'pod install' or update your CocoaPods installation.\" >&2\n    exit 1\nfi\n# This output is used by Xcode 'outputs' to avoid re-running this script phase.\necho \"SUCCESS\" > \"${SCRIPT_OUTPUT_FILE_0}\"\n";
			showEnvVarsInLog = 0;
		};
		C81C79D7591582594E9FEF1D /* [CP] Embed Pods Frameworks */ = {
			isa = PBXShellScriptBuildPhase;
			buildActionMask = 2147483647;
			files = (
			);
			inputFileListPaths = (
				"${PODS_ROOT}/Target Support Files/Pods-PlayWithMVP/Pods-PlayWithMVP-frameworks-${CONFIGURATION}-input-files.xcfilelist",
			);
			name = "[CP] Embed Pods Frameworks";
			outputFileListPaths = (
				"${PODS_ROOT}/Target Support Files/Pods-PlayWithMVP/Pods-PlayWithMVP-frameworks-${CONFIGURATION}-output-files.xcfilelist",
			);
			runOnlyForDeploymentPostprocessing = 0;
			shellPath = /bin/sh;
			shellScript = "\"${PODS_ROOT}/Target Support Files/Pods-PlayWithMVP/Pods-PlayWithMVP-frameworks.sh\"\n";
			showEnvVarsInLog = 0;
		};
		F4A14C5A247396E5004438A3 /* ShellScript */ = {
			isa = PBXShellScriptBuildPhase;
			buildActionMask = 2147483647;
			files = (
			);
			inputFileListPaths = (
			);
			inputPaths = (
			);
			outputFileListPaths = (
			);
			outputPaths = (
			);
			runOnlyForDeploymentPostprocessing = 0;
			shellPath = /bin/sh;
			shellScript = "# Type a script or drag a script file from your workspace to insert its path.\nif which swiftlint >/dev/null; then\n  swiftlint\nelse\n  echo \"warning: SwiftLint not installed, download from https://github.com/realm/SwiftLint\"\nfi\n";
		};
/* End PBXShellScriptBuildPhase section */

/* Begin PBXSourcesBuildPhase section */
		F4A14C1E2473755E004438A3 /* Sources */ = {
			isa = PBXSourcesBuildPhase;
			buildActionMask = 2147483647;
			files = (
				F49095A424740FE40084AE7F /* RepoVCPresenter.swift in Sources */,
				F4BD118924762E5E00740150 /* RepoDetailsVC.swift in Sources */,
				F4A14C4224737CF0004438A3 /* NetworkManager.swift in Sources */,
				F4A14C4C24737D6C004438A3 /* EndPointRouter.swift in Sources */,
				F4BD11982476476200740150 /* TableViewSectionTitleDataSource.swift in Sources */,
				F4A14C4624737D16004438A3 /* APIResult.swift in Sources */,
				F4A14C5124737F46004438A3 /* RepoModel.swift in Sources */,
				F4A14C4724737D16004438A3 /* HTTPMethod.swift in Sources */,
				F4A14C2A2473755E004438A3 /* RepoVC.swift in Sources */,
				F4A14C4B24737D6C004438A3 /* APIEnvironmentPath.swift in Sources */,
				F4A14C5924738174004438A3 /* RepoInteractor.swift in Sources */,
				F4BD11942476425C00740150 /* RepoDetailsVCPresenter.swift in Sources */,
				F49095A724741B630084AE7F /* RepoVCRouter.swift in Sources */,
				F4A14C4F24737DA0004438A3 /* UIView+Extension.swift in Sources */,
				F4BD11912476407D00740150 /* RepoDetailsCell.swift in Sources */,
				F4A14C262473755E004438A3 /* AppDelegate.swift in Sources */,
				F4A14C282473755E004438A3 /* SceneDelegate.swift in Sources */,
				F4BD11962476457100740150 /* RepoDetailsVCRouter.swift in Sources */,
				F4D074E224747A49003B55B5 /* ReposCell.swift in Sources */,
			);
			runOnlyForDeploymentPostprocessing = 0;
		};
/* End PBXSourcesBuildPhase section */

/* Begin PBXVariantGroup section */
		F4A14C2B2473755E004438A3 /* Main.storyboard */ = {
			isa = PBXVariantGroup;
			children = (
				F4A14C2C2473755E004438A3 /* Base */,
			);
			name = Main.storyboard;
			sourceTree = "<group>";
		};
		F4A14C302473755F004438A3 /* LaunchScreen.storyboard */ = {
			isa = PBXVariantGroup;
			children = (
				F4A14C312473755F004438A3 /* Base */,
			);
			name = LaunchScreen.storyboard;
			sourceTree = "<group>";
		};
/* End PBXVariantGroup section */

/* Begin XCBuildConfiguration section */
		F4A14C342473755F004438A3 /* Debug */ = {
			isa = XCBuildConfiguration;
			buildSettings = {
				ALWAYS_SEARCH_USER_PATHS = NO;
				CLANG_ANALYZER_NONNULL = YES;
				CLANG_ANALYZER_NUMBER_OBJECT_CONVERSION = YES_AGGRESSIVE;
				CLANG_CXX_LANGUAGE_STANDARD = "gnu++14";
				CLANG_CXX_LIBRARY = "libc++";
				CLANG_ENABLE_MODULES = YES;
				CLANG_ENABLE_OBJC_ARC = YES;
				CLANG_ENABLE_OBJC_WEAK = YES;
				CLANG_WARN_BLOCK_CAPTURE_AUTORELEASING = YES;
				CLANG_WARN_BOOL_CONVERSION = YES;
				CLANG_WARN_COMMA = YES;
				CLANG_WARN_CONSTANT_CONVERSION = YES;
				CLANG_WARN_DEPRECATED_OBJC_IMPLEMENTATIONS = YES;
				CLANG_WARN_DIRECT_OBJC_ISA_USAGE = YES_ERROR;
				CLANG_WARN_DOCUMENTATION_COMMENTS = YES;
				CLANG_WARN_EMPTY_BODY = YES;
				CLANG_WARN_ENUM_CONVERSION = YES;
				CLANG_WARN_INFINITE_RECURSION = YES;
				CLANG_WARN_INT_CONVERSION = YES;
				CLANG_WARN_NON_LITERAL_NULL_CONVERSION = YES;
				CLANG_WARN_OBJC_IMPLICIT_RETAIN_SELF = YES;
				CLANG_WARN_OBJC_LITERAL_CONVERSION = YES;
				CLANG_WARN_OBJC_ROOT_CLASS = YES_ERROR;
				CLANG_WARN_RANGE_LOOP_ANALYSIS = YES;
				CLANG_WARN_STRICT_PROTOTYPES = YES;
				CLANG_WARN_SUSPICIOUS_MOVE = YES;
				CLANG_WARN_UNGUARDED_AVAILABILITY = YES_AGGRESSIVE;
				CLANG_WARN_UNREACHABLE_CODE = YES;
				CLANG_WARN__DUPLICATE_METHOD_MATCH = YES;
				COPY_PHASE_STRIP = NO;
				DEBUG_INFORMATION_FORMAT = dwarf;
				ENABLE_STRICT_OBJC_MSGSEND = YES;
				ENABLE_TESTABILITY = YES;
				GCC_C_LANGUAGE_STANDARD = gnu11;
				GCC_DYNAMIC_NO_PIC = NO;
				GCC_NO_COMMON_BLOCKS = YES;
				GCC_OPTIMIZATION_LEVEL = 0;
				GCC_PREPROCESSOR_DEFINITIONS = (
					"DEBUG=1",
					"$(inherited)",
				);
				GCC_WARN_64_TO_32_BIT_CONVERSION = YES;
				GCC_WARN_ABOUT_RETURN_TYPE = YES_ERROR;
				GCC_WARN_UNDECLARED_SELECTOR = YES;
				GCC_WARN_UNINITIALIZED_AUTOS = YES_AGGRESSIVE;
				GCC_WARN_UNUSED_FUNCTION = YES;
				GCC_WARN_UNUSED_VARIABLE = YES;
				IPHONEOS_DEPLOYMENT_TARGET = 13.4;
				MTL_ENABLE_DEBUG_INFO = INCLUDE_SOURCE;
				MTL_FAST_MATH = YES;
				ONLY_ACTIVE_ARCH = YES;
				SDKROOT = iphoneos;
				SWIFT_ACTIVE_COMPILATION_CONDITIONS = DEBUG;
				SWIFT_OPTIMIZATION_LEVEL = "-Onone";
			};
			name = Debug;
		};
		F4A14C352473755F004438A3 /* Release */ = {
			isa = XCBuildConfiguration;
			buildSettings = {
				ALWAYS_SEARCH_USER_PATHS = NO;
				CLANG_ANALYZER_NONNULL = YES;
				CLANG_ANALYZER_NUMBER_OBJECT_CONVERSION = YES_AGGRESSIVE;
				CLANG_CXX_LANGUAGE_STANDARD = "gnu++14";
				CLANG_CXX_LIBRARY = "libc++";
				CLANG_ENABLE_MODULES = YES;
				CLANG_ENABLE_OBJC_ARC = YES;
				CLANG_ENABLE_OBJC_WEAK = YES;
				CLANG_WARN_BLOCK_CAPTURE_AUTORELEASING = YES;
				CLANG_WARN_BOOL_CONVERSION = YES;
				CLANG_WARN_COMMA = YES;
				CLANG_WARN_CONSTANT_CONVERSION = YES;
				CLANG_WARN_DEPRECATED_OBJC_IMPLEMENTATIONS = YES;
				CLANG_WARN_DIRECT_OBJC_ISA_USAGE = YES_ERROR;
				CLANG_WARN_DOCUMENTATION_COMMENTS = YES;
				CLANG_WARN_EMPTY_BODY = YES;
				CLANG_WARN_ENUM_CONVERSION = YES;
				CLANG_WARN_INFINITE_RECURSION = YES;
				CLANG_WARN_INT_CONVERSION = YES;
				CLANG_WARN_NON_LITERAL_NULL_CONVERSION = YES;
				CLANG_WARN_OBJC_IMPLICIT_RETAIN_SELF = YES;
				CLANG_WARN_OBJC_LITERAL_CONVERSION = YES;
				CLANG_WARN_OBJC_ROOT_CLASS = YES_ERROR;
				CLANG_WARN_RANGE_LOOP_ANALYSIS = YES;
				CLANG_WARN_STRICT_PROTOTYPES = YES;
				CLANG_WARN_SUSPICIOUS_MOVE = YES;
				CLANG_WARN_UNGUARDED_AVAILABILITY = YES_AGGRESSIVE;
				CLANG_WARN_UNREACHABLE_CODE = YES;
				CLANG_WARN__DUPLICATE_METHOD_MATCH = YES;
				COPY_PHASE_STRIP = NO;
				DEBUG_INFORMATION_FORMAT = "dwarf-with-dsym";
				ENABLE_NS_ASSERTIONS = NO;
				ENABLE_STRICT_OBJC_MSGSEND = YES;
				GCC_C_LANGUAGE_STANDARD = gnu11;
				GCC_NO_COMMON_BLOCKS = YES;
				GCC_WARN_64_TO_32_BIT_CONVERSION = YES;
				GCC_WARN_ABOUT_RETURN_TYPE = YES_ERROR;
				GCC_WARN_UNDECLARED_SELECTOR = YES;
				GCC_WARN_UNINITIALIZED_AUTOS = YES_AGGRESSIVE;
				GCC_WARN_UNUSED_FUNCTION = YES;
				GCC_WARN_UNUSED_VARIABLE = YES;
				IPHONEOS_DEPLOYMENT_TARGET = 13.4;
				MTL_ENABLE_DEBUG_INFO = NO;
				MTL_FAST_MATH = YES;
				SDKROOT = iphoneos;
				SWIFT_COMPILATION_MODE = wholemodule;
				SWIFT_OPTIMIZATION_LEVEL = "-O";
				VALIDATE_PRODUCT = YES;
			};
			name = Release;
		};
		F4A14C372473755F004438A3 /* Debug */ = {
			isa = XCBuildConfiguration;
			baseConfigurationReference = 50913A954667084AA137B637 /* Pods-PlayWithMVP.debug.xcconfig */;
			buildSettings = {
				ASSETCATALOG_COMPILER_APPICON_NAME = AppIcon;
				CODE_SIGN_STYLE = Automatic;
				DEVELOPMENT_TEAM = B39DQ9LWFN;
				INFOPLIST_FILE = PlayWithMVP/Configuration/Info.plist;
				LD_RUNPATH_SEARCH_PATHS = (
					"$(inherited)",
					"@executable_path/Frameworks",
				);
				PRODUCT_BUNDLE_IDENTIFIER = abdelrhmankamaleliwa.PlayWithMVP;
				PRODUCT_NAME = "$(TARGET_NAME)";
				SWIFT_VERSION = 5.0;
				TARGETED_DEVICE_FAMILY = "1,2";
			};
			name = Debug;
		};
		F4A14C382473755F004438A3 /* Release */ = {
			isa = XCBuildConfiguration;
			baseConfigurationReference = 67D615BE87E7E9ABF76A86CB /* Pods-PlayWithMVP.release.xcconfig */;
			buildSettings = {
				ASSETCATALOG_COMPILER_APPICON_NAME = AppIcon;
				CODE_SIGN_STYLE = Automatic;
				DEVELOPMENT_TEAM = B39DQ9LWFN;
				INFOPLIST_FILE = PlayWithMVP/Configuration/Info.plist;
				LD_RUNPATH_SEARCH_PATHS = (
					"$(inherited)",
					"@executable_path/Frameworks",
				);
				PRODUCT_BUNDLE_IDENTIFIER = abdelrhmankamaleliwa.PlayWithMVP;
				PRODUCT_NAME = "$(TARGET_NAME)";
				SWIFT_VERSION = 5.0;
				TARGETED_DEVICE_FAMILY = "1,2";
			};
			name = Release;
		};
/* End XCBuildConfiguration section */

/* Begin XCConfigurationList section */
		F4A14C1D2473755E004438A3 /* Build configuration list for PBXProject "PlayWithMVP" */ = {
			isa = XCConfigurationList;
			buildConfigurations = (
				F4A14C342473755F004438A3 /* Debug */,
				F4A14C352473755F004438A3 /* Release */,
			);
			defaultConfigurationIsVisible = 0;
			defaultConfigurationName = Release;
		};
		F4A14C362473755F004438A3 /* Build configuration list for PBXNativeTarget "PlayWithMVP" */ = {
			isa = XCConfigurationList;
			buildConfigurations = (
				F4A14C372473755F004438A3 /* Debug */,
				F4A14C382473755F004438A3 /* Release */,
			);
			defaultConfigurationIsVisible = 0;
			defaultConfigurationName = Release;
		};
/* End XCConfigurationList section */
	};
	rootObject = F4A14C1A2473755E004438A3 /* Project object */;
}
